// !$*UTF8*$!
{
	archiveVersion = 1;
	classes = {
	};
	objectVersion = 50;
	objects = {

/* Begin PBXBuildFile section */
		1477676E2268DF2700F07EAA /* AppDelegate.swift in Sources */ = {isa = PBXBuildFile; fileRef = 1477676D2268DF2700F07EAA /* AppDelegate.swift */; };
		147767702268DF2700F07EAA /* ViewController.swift in Sources */ = {isa = PBXBuildFile; fileRef = 1477676F2268DF2700F07EAA /* ViewController.swift */; };
		147767732268DF2700F07EAA /* Main.storyboard in Resources */ = {isa = PBXBuildFile; fileRef = 147767712268DF2700F07EAA /* Main.storyboard */; };
		147767752268DF2800F07EAA /* Assets.xcassets in Resources */ = {isa = PBXBuildFile; fileRef = 147767742268DF2800F07EAA /* Assets.xcassets */; };
		147767782268DF2800F07EAA /* LaunchScreen.storyboard in Resources */ = {isa = PBXBuildFile; fileRef = 147767762268DF2800F07EAA /* LaunchScreen.storyboard */; };
		147767862268DF7800F07EAA /* AppDelegate.swift in Sources */ = {isa = PBXBuildFile; fileRef = 147767852268DF7800F07EAA /* AppDelegate.swift */; };
		147767882268DF7800F07EAA /* ViewController.swift in Sources */ = {isa = PBXBuildFile; fileRef = 147767872268DF7800F07EAA /* ViewController.swift */; };
		1477678B2268DF7800F07EAA /* Main.storyboard in Resources */ = {isa = PBXBuildFile; fileRef = 147767892268DF7800F07EAA /* Main.storyboard */; };
		147767902268DF7800F07EAA /* LaunchScreen.storyboard in Resources */ = {isa = PBXBuildFile; fileRef = 1477678E2268DF7800F07EAA /* LaunchScreen.storyboard */; };
		147767962268DFB900F07EAA /* Assets.xcassets in Resources */ = {isa = PBXBuildFile; fileRef = 147767742268DF2800F07EAA /* Assets.xcassets */; };
/* End PBXBuildFile section */

/* Begin PBXFileReference section */
		1477676A2268DF2700F07EAA /* Artable.app */ = {isa = PBXFileReference; explicitFileType = wrapper.application; includeInIndex = 0; path = Artable.app; sourceTree = BUILT_PRODUCTS_DIR; };
		1477676D2268DF2700F07EAA /* AppDelegate.swift */ = {isa = PBXFileReference; lastKnownFileType = sourcecode.swift; path = AppDelegate.swift; sourceTree = "<group>"; };
		1477676F2268DF2700F07EAA /* ViewController.swift */ = {isa = PBXFileReference; lastKnownFileType = sourcecode.swift; path = ViewController.swift; sourceTree = "<group>"; };
		147767722268DF2700F07EAA /* Base */ = {isa = PBXFileReference; lastKnownFileType = file.storyboard; name = Base; path = Base.lproj/Main.storyboard; sourceTree = "<group>"; };
		147767742268DF2800F07EAA /* Assets.xcassets */ = {isa = PBXFileReference; lastKnownFileType = folder.assetcatalog; path = Assets.xcassets; sourceTree = "<group>"; };
		147767772268DF2800F07EAA /* Base */ = {isa = PBXFileReference; lastKnownFileType = file.storyboard; name = Base; path = Base.lproj/LaunchScreen.storyboard; sourceTree = "<group>"; };
		147767792268DF2800F07EAA /* Info.plist */ = {isa = PBXFileReference; lastKnownFileType = text.plist.xml; path = Info.plist; sourceTree = "<group>"; };
		147767832268DF7800F07EAA /* ArtableAdmin.app */ = {isa = PBXFileReference; explicitFileType = wrapper.application; includeInIndex = 0; path = ArtableAdmin.app; sourceTree = BUILT_PRODUCTS_DIR; };
		147767852268DF7800F07EAA /* AppDelegate.swift */ = {isa = PBXFileReference; lastKnownFileType = sourcecode.swift; path = AppDelegate.swift; sourceTree = "<group>"; };
		147767872268DF7800F07EAA /* ViewController.swift */ = {isa = PBXFileReference; lastKnownFileType = sourcecode.swift; path = ViewController.swift; sourceTree = "<group>"; };
		1477678A2268DF7800F07EAA /* Base */ = {isa = PBXFileReference; lastKnownFileType = file.storyboard; name = Base; path = Base.lproj/Main.storyboard; sourceTree = "<group>"; };
		1477678F2268DF7800F07EAA /* Base */ = {isa = PBXFileReference; lastKnownFileType = file.storyboard; name = Base; path = Base.lproj/LaunchScreen.storyboard; sourceTree = "<group>"; };
		147767912268DF7800F07EAA /* Info.plist */ = {isa = PBXFileReference; lastKnownFileType = text.plist.xml; path = Info.plist; sourceTree = "<group>"; };
/* End PBXFileReference section */

/* Begin PBXFrameworksBuildPhase section */
		147767672268DF2700F07EAA /* Frameworks */ = {
			isa = PBXFrameworksBuildPhase;
			buildActionMask = 2147483647;
			files = (
			);
			runOnlyForDeploymentPostprocessing = 0;
		};
		147767802268DF7800F07EAA /* Frameworks */ = {
			isa = PBXFrameworksBuildPhase;
			buildActionMask = 2147483647;
			files = (
			);
			runOnlyForDeploymentPostprocessing = 0;
		};
/* End PBXFrameworksBuildPhase section */

/* Begin PBXGroup section */
		147767612268DF2700F07EAA = {
			isa = PBXGroup;
			children = (
				147767952268DFAA00F07EAA /* Shared */,
				1477676C2268DF2700F07EAA /* Artable */,
				147767842268DF7800F07EAA /* ArtableAdmin */,
				1477676B2268DF2700F07EAA /* Products */,
			);
			sourceTree = "<group>";
		};
		1477676B2268DF2700F07EAA /* Products */ = {
			isa = PBXGroup;
			children = (
				1477676A2268DF2700F07EAA /* Artable.app */,
				147767832268DF7800F07EAA /* ArtableAdmin.app */,
			);
			name = Products;
			sourceTree = "<group>";
		};
		1477676C2268DF2700F07EAA /* Artable */ = {
			isa = PBXGroup;
			children = (
				1477676D2268DF2700F07EAA /* AppDelegate.swift */,
				1477676F2268DF2700F07EAA /* ViewController.swift */,
				147767712268DF2700F07EAA /* Main.storyboard */,
				147767762268DF2800F07EAA /* LaunchScreen.storyboard */,
				147767792268DF2800F07EAA /* Info.plist */,
			);
			path = Artable;
			sourceTree = "<group>";
		};
		147767842268DF7800F07EAA /* ArtableAdmin */ = {
			isa = PBXGroup;
			children = (
				147767852268DF7800F07EAA /* AppDelegate.swift */,
				147767872268DF7800F07EAA /* ViewController.swift */,
				147767892268DF7800F07EAA /* Main.storyboard */,
				1477678E2268DF7800F07EAA /* LaunchScreen.storyboard */,
				147767912268DF7800F07EAA /* Info.plist */,
			);
			path = ArtableAdmin;
			sourceTree = "<group>";
		};
		147767952268DFAA00F07EAA /* Shared */ = {
			isa = PBXGroup;
			children = (
				147767742268DF2800F07EAA /* Assets.xcassets */,
			);
			path = Shared;
			sourceTree = "<group>";
		};
/* End PBXGroup section */

/* Begin PBXNativeTarget section */
		147767692268DF2700F07EAA /* Artable */ = {
			isa = PBXNativeTarget;
			buildConfigurationList = 1477677C2268DF2800F07EAA /* Build configuration list for PBXNativeTarget "Artable" */;
			buildPhases = (
				147767662268DF2700F07EAA /* Sources */,
				147767672268DF2700F07EAA /* Frameworks */,
				147767682268DF2700F07EAA /* Resources */,
			);
			buildRules = (
			);
			dependencies = (
			);
			name = Artable;
			productName = Artable;
			productReference = 1477676A2268DF2700F07EAA /* Artable.app */;
			productType = "com.apple.product-type.application";
		};
		147767822268DF7800F07EAA /* ArtableAdmin */ = {
			isa = PBXNativeTarget;
			buildConfigurationList = 147767922268DF7800F07EAA /* Build configuration list for PBXNativeTarget "ArtableAdmin" */;
			buildPhases = (
				1477677F2268DF7800F07EAA /* Sources */,
				147767802268DF7800F07EAA /* Frameworks */,
				147767812268DF7800F07EAA /* Resources */,
			);
			buildRules = (
			);
			dependencies = (
			);
			name = ArtableAdmin;
			productName = ArtableAdmin;
			productReference = 147767832268DF7800F07EAA /* ArtableAdmin.app */;
			productType = "com.apple.product-type.application";
		};
/* End PBXNativeTarget section */

/* Begin PBXProject section */
		147767622268DF2700F07EAA /* Project object */ = {
			isa = PBXProject;
			attributes = {
				LastSwiftUpdateCheck = 1010;
				LastUpgradeCheck = 1010;
				ORGANIZATIONNAME = "Even Lauvrak";
				TargetAttributes = {
					147767692268DF2700F07EAA = {
						CreatedOnToolsVersion = 10.1;
					};
					147767822268DF7800F07EAA = {
						CreatedOnToolsVersion = 10.1;
					};
				};
			};
			buildConfigurationList = 147767652268DF2700F07EAA /* Build configuration list for PBXProject "Artable" */;
			compatibilityVersion = "Xcode 9.3";
			developmentRegion = en;
			hasScannedForEncodings = 0;
			knownRegions = (
				en,
				Base,
			);
			mainGroup = 147767612268DF2700F07EAA;
			productRefGroup = 1477676B2268DF2700F07EAA /* Products */;
			projectDirPath = "";
			projectRoot = "";
			targets = (
				147767692268DF2700F07EAA /* Artable */,
				147767822268DF7800F07EAA /* ArtableAdmin */,
			);
		};
/* End PBXProject section */

/* Begin PBXResourcesBuildPhase section */
		147767682268DF2700F07EAA /* Resources */ = {
			isa = PBXResourcesBuildPhase;
			buildActionMask = 2147483647;
			files = (
				147767782268DF2800F07EAA /* LaunchScreen.storyboard in Resources */,
				147767752268DF2800F07EAA /* Assets.xcassets in Resources */,
				147767732268DF2700F07EAA /* Main.storyboard in Resources */,
			);
			runOnlyForDeploymentPostprocessing = 0;
		};
		147767812268DF7800F07EAA /* Resources */ = {
			isa = PBXResourcesBuildPhase;
			buildActionMask = 2147483647;
			files = (
				147767902268DF7800F07EAA /* LaunchScreen.storyboard in Resources */,
				147767962268DFB900F07EAA /* Assets.xcassets in Resources */,
				1477678B2268DF7800F07EAA /* Main.storyboard in Resources */,
			);
			runOnlyForDeploymentPostprocessing = 0;
		};
/* End PBXResourcesBuildPhase section */

/* Begin PBXSourcesBuildPhase section */
		147767662268DF2700F07EAA /* Sources */ = {
			isa = PBXSourcesBuildPhase;
			buildActionMask = 2147483647;
			files = (
				147767702268DF2700F07EAA /* ViewController.swift in Sources */,
				1477676E2268DF2700F07EAA /* AppDelegate.swift in Sources */,
			);
			runOnlyForDeploymentPostprocessing = 0;
		};
		1477677F2268DF7800F07EAA /* Sources */ = {
			isa = PBXSourcesBuildPhase;
			buildActionMask = 2147483647;
			files = (
				147767882268DF7800F07EAA /* ViewController.swift in Sources */,
				147767862268DF7800F07EAA /* AppDelegate.swift in Sources */,
			);
			runOnlyForDeploymentPostprocessing = 0;
		};
/* End PBXSourcesBuildPhase section */

/* Begin PBXVariantGroup section */
		147767712268DF2700F07EAA /* Main.storyboard */ = {
			isa = PBXVariantGroup;
			children = (
				147767722268DF2700F07EAA /* Base */,
			);
			name = Main.storyboard;
			sourceTree = "<group>";
		};
		147767762268DF2800F07EAA /* LaunchScreen.storyboard */ = {
			isa = PBXVariantGroup;
			children = (
				147767772268DF2800F07EAA /* Base */,
			);
			name = LaunchScreen.storyboard;
			sourceTree = "<group>";
		};
		147767892268DF7800F07EAA /* Main.storyboard */ = {
			isa = PBXVariantGroup;
			children = (
				1477678A2268DF7800F07EAA /* Base */,
			);
			name = Main.storyboard;
			sourceTree = "<group>";
		};
		1477678E2268DF7800F07EAA /* LaunchScreen.storyboard */ = {
			isa = PBXVariantGroup;
			children = (
				1477678F2268DF7800F07EAA /* Base */,
			);
			name = LaunchScreen.storyboard;
			sourceTree = "<group>";
		};
/* End PBXVariantGroup section */

/* Begin XCBuildConfiguration section */
		1477677A2268DF2800F07EAA /* Debug */ = {
			isa = XCBuildConfiguration;
			buildSettings = {
				ALWAYS_SEARCH_USER_PATHS = NO;
				CLANG_ANALYZER_NONNULL = YES;
				CLANG_ANALYZER_NUMBER_OBJECT_CONVERSION = YES_AGGRESSIVE;
				CLANG_CXX_LANGUAGE_STANDARD = "gnu++14";
				CLANG_CXX_LIBRARY = "libc++";
				CLANG_ENABLE_MODULES = YES;
				CLANG_ENABLE_OBJC_ARC = YES;
				CLANG_ENABLE_OBJC_WEAK = YES;
				CLANG_WARN_BLOCK_CAPTURE_AUTORELEASING = YES;
				CLANG_WARN_BOOL_CONVERSION = YES;
				CLANG_WARN_COMMA = YES;
				CLANG_WARN_CONSTANT_CONVERSION = YES;
				CLANG_WARN_DEPRECATED_OBJC_IMPLEMENTATIONS = YES;
				CLANG_WARN_DIRECT_OBJC_ISA_USAGE = YES_ERROR;
				CLANG_WARN_DOCUMENTATION_COMMENTS = YES;
				CLANG_WARN_EMPTY_BODY = YES;
				CLANG_WARN_ENUM_CONVERSION = YES;
				CLANG_WARN_INFINITE_RECURSION = YES;
				CLANG_WARN_INT_CONVERSION = YES;
				CLANG_WARN_NON_LITERAL_NULL_CONVERSION = YES;
				CLANG_WARN_OBJC_IMPLICIT_RETAIN_SELF = YES;
				CLANG_WARN_OBJC_LITERAL_CONVERSION = YES;
				CLANG_WARN_OBJC_ROOT_CLASS = YES_ERROR;
				CLANG_WARN_RANGE_LOOP_ANALYSIS = YES;
				CLANG_WARN_STRICT_PROTOTYPES = YES;
				CLANG_WARN_SUSPICIOUS_MOVE = YES;
				CLANG_WARN_UNGUARDED_AVAILABILITY = YES_AGGRESSIVE;
				CLANG_WARN_UNREACHABLE_CODE = YES;
				CLANG_WARN__DUPLICATE_METHOD_MATCH = YES;
				CODE_SIGN_IDENTITY = "iPhone Developer";
				COPY_PHASE_STRIP = NO;
				DEBUG_INFORMATION_FORMAT = dwarf;
				ENABLE_STRICT_OBJC_MSGSEND = YES;
				ENABLE_TESTABILITY = YES;
				GCC_C_LANGUAGE_STANDARD = gnu11;
				GCC_DYNAMIC_NO_PIC = NO;
				GCC_NO_COMMON_BLOCKS = YES;
				GCC_OPTIMIZATION_LEVEL = 0;
				GCC_PREPROCESSOR_DEFINITIONS = (
					"DEBUG=1",
					"$(inherited)",
				);
				GCC_WARN_64_TO_32_BIT_CONVERSION = YES;
				GCC_WARN_ABOUT_RETURN_TYPE = YES_ERROR;
				GCC_WARN_UNDECLARED_SELECTOR = YES;
				GCC_WARN_UNINITIALIZED_AUTOS = YES_AGGRESSIVE;
				GCC_WARN_UNUSED_FUNCTION = YES;
				GCC_WARN_UNUSED_VARIABLE = YES;
				IPHONEOS_DEPLOYMENT_TARGET = 12.1;
				MTL_ENABLE_DEBUG_INFO = INCLUDE_SOURCE;
				MTL_FAST_MATH = YES;
				ONLY_ACTIVE_ARCH = YES;
				SDKROOT = iphoneos;
				SWIFT_ACTIVE_COMPILATION_CONDITIONS = DEBUG;
				SWIFT_OPTIMIZATION_LEVEL = "-Onone";
			};
			name = Debug;
		};
		1477677B2268DF2800F07EAA /* Release */ = {
			isa = XCBuildConfiguration;
			buildSettings = {
				ALWAYS_SEARCH_USER_PATHS = NO;
				CLANG_ANALYZER_NONNULL = YES;
				CLANG_ANALYZER_NUMBER_OBJECT_CONVERSION = YES_AGGRESSIVE;
				CLANG_CXX_LANGUAGE_STANDARD = "gnu++14";
				CLANG_CXX_LIBRARY = "libc++";
				CLANG_ENABLE_MODULES = YES;
				CLANG_ENABLE_OBJC_ARC = YES;
				CLANG_ENABLE_OBJC_WEAK = YES;
				CLANG_WARN_BLOCK_CAPTURE_AUTORELEASING = YES;
				CLANG_WARN_BOOL_CONVERSION = YES;
				CLANG_WARN_COMMA = YES;
				CLANG_WARN_CONSTANT_CONVERSION = YES;
				CLANG_WARN_DEPRECATED_OBJC_IMPLEMENTATIONS = YES;
				CLANG_WARN_DIRECT_OBJC_ISA_USAGE = YES_ERROR;
				CLANG_WARN_DOCUMENTATION_COMMENTS = YES;
				CLANG_WARN_EMPTY_BODY = YES;
				CLANG_WARN_ENUM_CONVERSION = YES;
				CLANG_WARN_INFINITE_RECURSION = YES;
				CLANG_WARN_INT_CONVERSION = YES;
				CLANG_WARN_NON_LITERAL_NULL_CONVERSION = YES;
				CLANG_WARN_OBJC_IMPLICIT_RETAIN_SELF = YES;
				CLANG_WARN_OBJC_LITERAL_CONVERSION = YES;
				CLANG_WARN_OBJC_ROOT_CLASS = YES_ERROR;
				CLANG_WARN_RANGE_LOOP_ANALYSIS = YES;
				CLANG_WARN_STRICT_PROTOTYPES = YES;
				CLANG_WARN_SUSPICIOUS_MOVE = YES;
				CLANG_WARN_UNGUARDED_AVAILABILITY = YES_AGGRESSIVE;
				CLANG_WARN_UNREACHABLE_CODE = YES;
				CLANG_WARN__DUPLICATE_METHOD_MATCH = YES;
				CODE_SIGN_IDENTITY = "iPhone Developer";
				COPY_PHASE_STRIP = NO;
				DEBUG_INFORMATION_FORMAT = "dwarf-with-dsym";
				ENABLE_NS_ASSERTIONS = NO;
				ENABLE_STRICT_OBJC_MSGSEND = YES;
				GCC_C_LANGUAGE_STANDARD = gnu11;
				GCC_NO_COMMON_BLOCKS = YES;
				GCC_WARN_64_TO_32_BIT_CONVERSION = YES;
				GCC_WARN_ABOUT_RETURN_TYPE = YES_ERROR;
				GCC_WARN_UNDECLARED_SELECTOR = YES;
				GCC_WARN_UNINITIALIZED_AUTOS = YES_AGGRESSIVE;
				GCC_WARN_UNUSED_FUNCTION = YES;
				GCC_WARN_UNUSED_VARIABLE = YES;
				IPHONEOS_DEPLOYMENT_TARGET = 12.1;
				MTL_ENABLE_DEBUG_INFO = NO;
				MTL_FAST_MATH = YES;
				SDKROOT = iphoneos;
				SWIFT_COMPILATION_MODE = wholemodule;
				SWIFT_OPTIMIZATION_LEVEL = "-O";
				VALIDATE_PRODUCT = YES;
			};
			name = Release;
		};
		1477677D2268DF2800F07EAA /* Debug */ = {
			isa = XCBuildConfiguration;
			buildSettings = {
				ASSETCATALOG_COMPILER_APPICON_NAME = AppIcon;
				CODE_SIGN_STYLE = Automatic;
				DEVELOPMENT_TEAM = DM8RLZQV2M;
				INFOPLIST_FILE = Artable/Info.plist;
				LD_RUNPATH_SEARCH_PATHS = (
					"$(inherited)",
					"@executable_path/Frameworks",
				);
				PRODUCT_BUNDLE_IDENTIFIER = com.evenlauvrak.Artable;
				PRODUCT_NAME = "$(TARGET_NAME)";
				SWIFT_VERSION = 4.2;
				TARGETED_DEVICE_FAMILY = "1,2";
			};
			name = Debug;
		};
		1477677E2268DF2800F07EAA /* Release */ = {
			isa = XCBuildConfiguration;
			buildSettings = {
				ASSETCATALOG_COMPILER_APPICON_NAME = AppIcon;
				CODE_SIGN_STYLE = Automatic;
				DEVELOPMENT_TEAM = DM8RLZQV2M;
				INFOPLIST_FILE = Artable/Info.plist;
				LD_RUNPATH_SEARCH_PATHS = (
					"$(inherited)",
					"@executable_path/Frameworks",
				);
				PRODUCT_BUNDLE_IDENTIFIER = com.evenlauvrak.Artable;
				PRODUCT_NAME = "$(TARGET_NAME)";
				SWIFT_VERSION = 4.2;
				TARGETED_DEVICE_FAMILY = "1,2";
			};
			name = Release;
		};
		147767932268DF7800F07EAA /* Debug */ = {
			isa = XCBuildConfiguration;
			buildSettings = {
				ASSETCATALOG_COMPILER_APPICON_NAME = AppIcon;
				CODE_SIGN_STYLE = Automatic;
				DEVELOPMENT_TEAM = DM8RLZQV2M;
				INFOPLIST_FILE = ArtableAdmin/Info.plist;
				LD_RUNPATH_SEARCH_PATHS = (
					"$(inherited)",
					"@executable_path/Frameworks",
				);
				PRODUCT_BUNDLE_IDENTIFIER = com.evenlauvrak.ArtableAdmin;
				PRODUCT_NAME = "$(TARGET_NAME)";
				SWIFT_VERSION = 4.2;
				TARGETED_DEVICE_FAMILY = "1,2";
			};
			name = Debug;
		};
		147767942268DF7800F07EAA /* Release */ = {
			isa = XCBuildConfiguration;
			buildSettings = {
				ASSETCATALOG_COMPILER_APPICON_NAME = AppIcon;
				CODE_SIGN_STYLE = Automatic;
				DEVELOPMENT_TEAM = DM8RLZQV2M;
				INFOPLIST_FILE = ArtableAdmin/Info.plist;
				LD_RUNPATH_SEARCH_PATHS = (
					"$(inherited)",
					"@executable_path/Frameworks",
				);
				PRODUCT_BUNDLE_IDENTIFIER = com.evenlauvrak.ArtableAdmin;
				PRODUCT_NAME = "$(TARGET_NAME)";
				SWIFT_VERSION = 4.2;
				TARGETED_DEVICE_FAMILY = "1,2";
			};
			name = Release;
		};
/* End XCBuildConfiguration section */

/* Begin XCConfigurationList section */
		147767652268DF2700F07EAA /* Build configuration list for PBXProject "Artable" */ = {
			isa = XCConfigurationList;
			buildConfigurations = (
				1477677A2268DF2800F07EAA /* Debug */,
				1477677B2268DF2800F07EAA /* Release */,
			);
			defaultConfigurationIsVisible = 0;
			defaultConfigurationName = Release;
		};
		1477677C2268DF2800F07EAA /* Build configuration list for PBXNativeTarget "Artable" */ = {
			isa = XCConfigurationList;
			buildConfigurations = (
				1477677D2268DF2800F07EAA /* Debug */,
				1477677E2268DF2800F07EAA /* Release */,
			);
			defaultConfigurationIsVisible = 0;
			defaultConfigurationName = Release;
		};
		147767922268DF7800F07EAA /* Build configuration list for PBXNativeTarget "ArtableAdmin" */ = {
			isa = XCConfigurationList;
			buildConfigurations = (
				147767932268DF7800F07EAA /* Debug */,
				147767942268DF7800F07EAA /* Release */,
			);
			defaultConfigurationIsVisible = 0;
			defaultConfigurationName = Release;
		};
/* End XCConfigurationList section */
	};
	rootObject = 147767622268DF2700F07EAA /* Project object */;
}
